// !$*UTF8*$!
{
	archiveVersion = 1;
	classes = {
	};
	objectVersion = 77;
	objects = {

/* Begin PBXBuildFile section */
		04C3DDE92D35161138052438 /* DeskBriefPane.swift in Sources */ = {isa = PBXBuildFile; fileRef = 7668E92AE7A7176EA2988F23 /* DeskBriefPane.swift */; };
		064FA3EAABEA2827C256E375 /* Route.swift in Sources */ = {isa = PBXBuildFile; fileRef = D4FCD7FFB1E1EAE68A19CD02 /* Route.swift */; };
		06824141B48858A01F5C6B47 /* SketchBoard.swift in Sources */ = {isa = PBXBuildFile; fileRef = 0FCFDFE8E9481E42646D752A /* SketchBoard.swift */; };
		0FC69B6E04DB1D0A341FF2E4 /* Assets.xcassets in Resources */ = {isa = PBXBuildFile; fileRef = D1FF0F053E3BED03A5F2D8E2 /* Assets.xcassets */; };
		0FC9BBCD5D8009DFC77595DF /* TicketsView.swift in Sources */ = {isa = PBXBuildFile; fileRef = 6F80E8C9A06830958C701242 /* TicketsView.swift */; };
		20501283E561101BF2529D53 /* DesignSystem.swift in Sources */ = {isa = PBXBuildFile; fileRef = F4B2D75F35E1444F13624804 /* DesignSystem.swift */; };
		20FBECA9EA25C683EC4F616C /* PreviewsView.swift in Sources */ = {isa = PBXBuildFile; fileRef = 5E6CDB9CB2F56F175AE2B0EC /* PreviewsView.swift */; };
		2B96722CF3E2A8E409EEE225 /* TicketOptionsTab.swift in Sources */ = {isa = PBXBuildFile; fileRef = AA4B12D3FF0406D70FFCBC45 /* TicketOptionsTab.swift */; };
		33B2E39998A1C0165DEDA212 /* ProblemChip.swift in Sources */ = {isa = PBXBuildFile; fileRef = C55062C4CDC76CEA05F19695 /* ProblemChip.swift */; };
		3A7F7AAD6C3FFCD4D90C8816 /* HatchAPI in Frameworks */ = {isa = PBXBuildFile; productRef = FD91901583E35055B8089D5A /* HatchAPI */; };
		C0FFEE00C0FFEE00C0FFEE01 /* HatchComponentKit in Frameworks */ = {isa = PBXBuildFile; productRef = C0FFEE00C0FFEE00C0FFEE02 /* HatchComponentKit */; };
		3CF2407446C3D2E48FBB5059 /* AskPanel.swift in Sources */ = {isa = PBXBuildFile; fileRef = 6D9CAAC677BE273CA35AC7A4 /* AskPanel.swift */; };
		89B529C5AF394926839F67B6 /* AgentSettingsPage.swift in Sources */ = {isa = PBXBuildFile; fileRef = 97F1DB34FA0A479C85A0A1BE /* AgentSettingsPage.swift */; };
		A1B2C3D4E5F60718293A4B5C /* IrisPanel.swift in Sources */ = {isa = PBXBuildFile; fileRef = A1B2C3D4E5F60718293A4B5D /* IrisPanel.swift */; };
		B1B2C3D4E5F60718293A4B5C /* PanelResizer.swift in Sources */ = {isa = PBXBuildFile; fileRef = B1B2C3D4E5F60718293A4B5D /* PanelResizer.swift */; };
		421D632B0243EED9E2C59F19 /* AppState+Notifications.swift in Sources */ = {isa = PBXBuildFile; fileRef = 0B0CFDAD1AD73457B63235D3 /* AppState+Notifications.swift */; };
		AEF9082ECDFF44FDB3E85268 /* AppState+Preferences.swift in Sources */ = {isa = PBXBuildFile; fileRef = 71617872CD744FB39971D7F9 /* AppState+Preferences.swift */; };
		D4919CDA766042B5B3A21F27 /* MenuBarPanel.swift in Sources */ = {isa = PBXBuildFile; fileRef = 7D421010C42D47958B571432 /* MenuBarPanel.swift */; };
		424B48E9EB6C77DFD5CFCC00 /* VettingBridge.swift in Sources */ = {isa = PBXBuildFile; fileRef = E69B44A5B5D1CAEE74C70CFF /* VettingBridge.swift */; };
		EB3B807235F2498FA3F4B4A1 /* AgentProviders.swift in Sources */ = {isa = PBXBuildFile; fileRef = 85E0BD2633E245D2B1E8B464 /* AgentProviders.swift */; };
		4358486F0788BD721883D3E8 /* HatchApp.swift in Sources */ = {isa = PBXBuildFile; fileRef = 617F034C123D732B1CF03882 /* HatchApp.swift */; };
		437B449283ADBC928D57C174 /* AgentsView.swift in Sources */ = {isa = PBXBuildFile; fileRef = 198272DA0A12BD567C54E381 /* AgentsView.swift */; };
		440FC976DE5A3FCD3AF83740 /* SidebarView.swift in Sources */ = {isa = PBXBuildFile; fileRef = 6B1B3B205E2521DD2A08C5B6 /* SidebarView.swift */; };
		4758C9539D1D11962F52C426 /* CommandPalette.swift in Sources */ = {isa = PBXBuildFile; fileRef = 46443AE485036DD464BF0D3E /* CommandPalette.swift */; };
		4A44215470CE3D13640307C4 /* ProposalInfo.swift in Sources */ = {isa = PBXBuildFile; fileRef = F0CD09DBC6396867DD8D2F66 /* ProposalInfo.swift */; };
		50A40563AC907E5A85C54B8A /* HatchImport in Frameworks */ = {isa = PBXBuildFile; productRef = A8AC6D4F29E4A35CEFA8405E /* HatchImport */; };
		52212D2A4B8F7B710886706C /* TicketDetailView.swift in Sources */ = {isa = PBXBuildFile; fileRef = 9C578A59293D31A5F7BDA813 /* TicketDetailView.swift */; };
		53D4579D6537437B4BEB40CC /* HatchSync in Frameworks */ = {isa = PBXBuildFile; productRef = C92A8B1F523538756CBE6D69 /* HatchSync */; };
		60932597CB89763A211708DD /* ProjectView.swift in Sources */ = {isa = PBXBuildFile; fileRef = B110069306661FF4A2E42165 /* ProjectView.swift */; };
		19F61CE806C5B4F33F330E19 /* HealthView.swift in Sources */ = {isa = PBXBuildFile; fileRef = 4D60054C58D600A0D4F7948C /* HealthView.swift */; };
		7A1E5C0B9D2F4E3A8B6C1D08 /* TestsView.swift in Sources */ = {isa = PBXBuildFile; fileRef = 7A1E5C0B9D2F4E3A8B6C1D07 /* TestsView.swift */; };
		A3A8CA0DB3EA785DAC586F74 /* ReportsView.swift in Sources */ = {isa = PBXBuildFile; fileRef = 234A96746E00206D4CA44AE8 /* ReportsView.swift */; };
		0777649DBDC4D7BE1E4B60F0 /* ProjectSetup.swift in Sources */ = {isa = PBXBuildFile; fileRef = 52EE6B8F7D46F8CA386D6410 /* ProjectSetup.swift */; };
		6382CD856210B2FBD375405E /* GitHubAccount.swift in Sources */ = {isa = PBXBuildFile; fileRef = 4E374A9B62BB42A52EAAC221 /* GitHubAccount.swift */; };
		71F5869499C32324C434C580 /* AgentCard.swift in Sources */ = {isa = PBXBuildFile; fileRef = BA53B185D376C44F5D5D861E /* AgentCard.swift */; };
		EDD5252C48C4CFA7D64699F9 /* FooterParts.swift in Sources */ = {isa = PBXBuildFile; fileRef = 7EDA6B0996874D06724BF18F /* FooterParts.swift */; };
		2C294CBEE8C4487CA95C0001 /* GitHubDeviceFlow.swift in Sources */ = {isa = PBXBuildFile; fileRef = 2C294CBEE8C4487CA95C0002 /* GitHubDeviceFlow.swift */; };
		6982C5D2A39CF9B7C315D9E7 /* Format.swift in Sources */ = {isa = PBXBuildFile; fileRef = DF82D71D692C33CB9A7DC077 /* Format.swift */; };
		7A496CF5D64909DB27AAB72F /* IrisReviewView.swift in Sources */ = {isa = PBXBuildFile; fileRef = 50AA3B651A6F720EEC6333D3 /* IrisReviewView.swift */; };
		7A50BDABD12739C54CB65EB3 /* Snapshots.swift in Sources */ = {isa = PBXBuildFile; fileRef = 0AFC7402DEC44D748849719B /* Snapshots.swift */; };
		845B8067A5DF3BDA8F049849 /* AttachmentThumb.swift in Sources */ = {isa = PBXBuildFile; fileRef = A08FF820CF142B03A9888E3C /* AttachmentThumb.swift */; };
		1705AA1B630A314A187D2B63 /* Screenshots.swift in Sources */ = {isa = PBXBuildFile; fileRef = 33467206E68F205A69FFB029 /* Screenshots.swift */; };
		84A2978BE629BB03F04857DA /* SpecsView.swift in Sources */ = {isa = PBXBuildFile; fileRef = DB25DA45E606087C9EB4A2FF /* SpecsView.swift */; };
		882ED89A6591D4D3164F1A24 /* DecisionsView.swift in Sources */ = {isa = PBXBuildFile; fileRef = 4FEE3B6C1BACD094A37DE7F3 /* DecisionsView.swift */; };
		2555C85F3FE5E0A74E2BF9A1 /* DecideView.swift in Sources */ = {isa = PBXBuildFile; fileRef = CB49B53D60802E5519C3B85A /* DecideView.swift */; };
		D1A7B0C2E3F4051627384950 /* DecideLab.swift in Sources */ = {isa = PBXBuildFile; fileRef = D1A7B0C2E3F4051627384951 /* DecideLab.swift */; };
		1B33E3A296D309563040C343 /* ComponentsView.swift in Sources */ = {isa = PBXBuildFile; fileRef = D1819DD7B53E496800C1840B /* ComponentsView.swift */; };
		8BCD76F3B3CD8125CB4A5083 /* DeskView.swift in Sources */ = {isa = PBXBuildFile; fileRef = 5CD8172654E3B05A33D62F8C /* DeskView.swift */; };
		8FC3CCAF743A468C8189774C /* HatchGit in Frameworks */ = {isa = PBXBuildFile; productRef = 8FF33B9BC62D51D62F87A33A /* HatchGit */; };
		9C234007EC5BBBE8C6AD6B4F /* ComposerView.swift in Sources */ = {isa = PBXBuildFile; fileRef = 66AE2852326652BBEF994532 /* ComposerView.swift */; };
		9EB7D18DD1D9B9A4C2A4922B /* HatchCore in Frameworks */ = {isa = PBXBuildFile; productRef = FA99177DA4400AB2A09D4B92 /* HatchCore */; };
		9EC772730E7C249528F788AC /* TicketWorkTab.swift in Sources */ = {isa = PBXBuildFile; fileRef = 37B7C1C750FB103DE7FED2B6 /* TicketWorkTab.swift */; };
		A0F0827D24963348E078DE4E /* HatchAgent in Frameworks */ = {isa = PBXBuildFile; productRef = 11AEA8595446D5328A51DCD6 /* HatchAgent */; };
		A752075E4E5D2B8EEF8AA168 /* SettingsView.swift in Sources */ = {isa = PBXBuildFile; fileRef = C9D5911E86EACB3736BFBE8D /* SettingsView.swift */; };
		8EC92AD49F4501BB0DAAE80C /* GeneralSettingsPage.swift in Sources */ = {isa = PBXBuildFile; fileRef = 9BF56B54871E1C11A5F849C0 /* GeneralSettingsPage.swift */; };
		5DB66A2B5C72340ACD8C9EEE /* NotificationsSettingsPage.swift in Sources */ = {isa = PBXBuildFile; fileRef = 12F922E6FEFEFC6CED4FF435 /* NotificationsSettingsPage.swift */; };
		AC1137AAD9D73246BCFDCB63 /* GitHubSettingsPage.swift in Sources */ = {isa = PBXBuildFile; fileRef = 03C7D889257FBF44ED32AA37 /* GitHubSettingsPage.swift */; };
		4668CE3B11CCEC45AAA1D3E5 /* ToolsSettingsPage.swift in Sources */ = {isa = PBXBuildFile; fileRef = 194EE1D9740530BFA7819AAE /* ToolsSettingsPage.swift */; };
		7040AB06B3D695C24C9BF9E6 /* StorageSettingsPage.swift in Sources */ = {isa = PBXBuildFile; fileRef = 73E58D04C303B4E1194EF319 /* StorageSettingsPage.swift */; };
		CB5AD45439F1DE1F6B644D80 /* UsageSettingsPage.swift in Sources */ = {isa = PBXBuildFile; fileRef = E9CC663398348096823B0E05 /* UsageSettingsPage.swift */; };
		B167D0AA9EF600C83E4B6870 /* EventText.swift in Sources */ = {isa = PBXBuildFile; fileRef = AC8D6FDD0676BA5D121563D7 /* EventText.swift */; };
		B521BFEB27A4CBFFFFD4E248 /* AppState.swift in Sources */ = {isa = PBXBuildFile; fileRef = 211BC59B762AD8A3B0EB98B0 /* AppState.swift */; };
		BD551D06305A3F39A42E5A04 /* Stubs.swift in Sources */ = {isa = PBXBuildFile; fileRef = 472BDC36A8D14D096FCC9517 /* Stubs.swift */; };
		CFA8A172C85C98584D264F9A /* Theme.swift in Sources */ = {isa = PBXBuildFile; fileRef = 7C3C7BA2FCA130FA7D00A2CA /* Theme.swift */; };
		D7106020004E2DF449822F08 /* TurnChip.swift in Sources */ = {isa = PBXBuildFile; fileRef = E5E368A9FDF982F83C543958 /* TurnChip.swift */; };
		DD98B4574A12C14073E2357C /* Adapters.swift in Sources */ = {isa = PBXBuildFile; fileRef = B08CBB6E28A0112DD7F8C511 /* Adapters.swift */; };
		E4AF184F4344EC6D98ECF139 /* StageLauncher.swift in Sources */ = {isa = PBXBuildFile; fileRef = 168F59BA94540A6EA616F0CB /* StageLauncher.swift */; };
		E75B511680E103D750306D48 /* TicketHistoryTab.swift in Sources */ = {isa = PBXBuildFile; fileRef = F78355C404242719FFEB0295 /* TicketHistoryTab.swift */; };
		17DB170330246F9DA273703E /* FiledByIris.swift in Sources */ = {isa = PBXBuildFile; fileRef = 46632CCECA82359165663D89 /* FiledByIris.swift */; };
		1B7B800577CA3495DEAF8891 /* QuickCapture.swift in Sources */ = {isa = PBXBuildFile; fileRef = 1A056202E8E4F0CCCBABFBB2 /* QuickCapture.swift */; };
		E82E2F2DD0373D41928DBA39 /* AnswerCards.swift in Sources */ = {isa = PBXBuildFile; fileRef = 548F8F5CD99070F671D33F73 /* AnswerCards.swift */; };
		E9666C026E05CA6094D17B29 /* LogView.swift in Sources */ = {isa = PBXBuildFile; fileRef = B6D728C148F7A1D0026394FA /* LogView.swift */; };
		ECF777578FF6A8D373CCEB2D /* RootView.swift in Sources */ = {isa = PBXBuildFile; fileRef = 64F0F50F0745471BE8744028 /* RootView.swift */; };
		F5F821314834FAC30E7C33A3 /* TicketOverviewTab.swift in Sources */ = {isa = PBXBuildFile; fileRef = 501F8478F0F8743977F822BD /* TicketOverviewTab.swift */; };
		FB3275F17A1D0DDE28ABE554 /* BoardView.swift in Sources */ = {isa = PBXBuildFile; fileRef = 870C6888D33DD0120ECB7462 /* BoardView.swift */; };
		FF36134FE7C8BE5D86DABFD1 /* TicketThreadTab.swift in Sources */ = {isa = PBXBuildFile; fileRef = FA1327B5DCB74BF38378614A /* TicketThreadTab.swift */; };
		147E3FF10CC68562F146B894 /* ShortcutStore.swift in Sources */ = {isa = PBXBuildFile; fileRef = 105A976E5B602C3536C9932A /* ShortcutStore.swift */; };
		D2324FF39CBEB98E8BD46EC4 /* KeyRecorder.swift in Sources */ = {isa = PBXBuildFile; fileRef = 27E189CBC1FF08DF90487535 /* KeyRecorder.swift */; };
		CE59ACD98B9CE5CCC457E5ED /* WindowNavigation.swift in Sources */ = {isa = PBXBuildFile; fileRef = A8CC8E47730FE331E15142D6 /* WindowNavigation.swift */; };
		81B5EDC5D3BBD54B0E2C6C07 /* HatchWindows.swift in Sources */ = {isa = PBXBuildFile; fileRef = 11CCAFEC9CF80E7B4EDF18D3 /* HatchWindows.swift */; };
		5EDA23FAFD9A114B8AAB385E /* TicketWindowView.swift in Sources */ = {isa = PBXBuildFile; fileRef = 9DFECE1691B761BD9216AEFE /* TicketWindowView.swift */; };
		4F887E0E6B9B7F1C51B1CD43 /* ShortcutsSettingsPage.swift in Sources */ = {isa = PBXBuildFile; fileRef = F3A262251AD4554A76DEA1DD /* ShortcutsSettingsPage.swift */; };
		8A5B40651E53A0D81FF33F37 /* SavedViewCommands.swift in Sources */ = {isa = PBXBuildFile; fileRef = 1802C48F88E9EF3AD729D2CE /* SavedViewCommands.swift */; };
		093939DF8FDCC3344878D598 /* ShortcutCheatSheet.swift in Sources */ = {isa = PBXBuildFile; fileRef = 89026453DB8DADA5CBC8A4BE /* ShortcutCheatSheet.swift */; };
/* End PBXBuildFile section */

/* Begin PBXFileReference section */
		09B2D59CC25AE9BE9F39E59E /* hatch */ = {isa = PBXFileReference; lastKnownFileType = folder; name = hatch; path = .; sourceTree = SOURCE_ROOT; };
		0AFC7402DEC44D748849719B /* Snapshots.swift */ = {isa = PBXFileReference; lastKnownFileType = sourcecode.swift; path = Snapshots.swift; sourceTree = "<group>"; };
		0B0CFDAD1AD73457B63235D3 /* AppState+Notifications.swift */ = {isa = PBXFileReference; lastKnownFileType = sourcecode.swift; path = "AppState+Notifications.swift"; sourceTree = "<group>"; };
		71617872CD744FB39971D7F9 /* AppState+Preferences.swift */ = {isa = PBXFileReference; lastKnownFileType = sourcecode.swift; path = "AppState+Preferences.swift"; sourceTree = "<group>"; };
		7D421010C42D47958B571432 /* MenuBarPanel.swift */ = {isa = PBXFileReference; lastKnownFileType = sourcecode.swift; path = MenuBarPanel.swift; sourceTree = "<group>"; };
		0FCFDFE8E9481E42646D752A /* SketchBoard.swift */ = {isa = PBXFileReference; lastKnownFileType = sourcecode.swift; path = SketchBoard.swift; sourceTree = "<group>"; };
		168F59BA94540A6EA616F0CB /* StageLauncher.swift */ = {isa = PBXFileReference; lastKnownFileType = sourcecode.swift; path = StageLauncher.swift; sourceTree = "<group>"; };
		198272DA0A12BD567C54E381 /* AgentsView.swift */ = {isa = PBXFileReference; lastKnownFileType = sourcecode.swift; path = AgentsView.swift; sourceTree = "<group>"; };
		211BC59B762AD8A3B0EB98B0 /* AppState.swift */ = {isa = PBXFileReference; lastKnownFileType = sourcecode.swift; path = AppState.swift; sourceTree = "<group>"; };
		37B7C1C750FB103DE7FED2B6 /* TicketWorkTab.swift */ = {isa = PBXFileReference; lastKnownFileType = sourcecode.swift; path = TicketWorkTab.swift; sourceTree = "<group>"; };
		46443AE485036DD464BF0D3E /* CommandPalette.swift */ = {isa = PBXFileReference; lastKnownFileType = sourcecode.swift; path = CommandPalette.swift; sourceTree = "<group>"; };
		472BDC36A8D14D096FCC9517 /* Stubs.swift */ = {isa = PBXFileReference; lastKnownFileType = sourcecode.swift; path = Stubs.swift; sourceTree = "<group>"; };
		4E374A9B62BB42A52EAAC221 /* GitHubAccount.swift */ = {isa = PBXFileReference; lastKnownFileType = sourcecode.swift; path = GitHubAccount.swift; sourceTree = "<group>"; };
		BA53B185D376C44F5D5D861E /* AgentCard.swift */ = {isa = PBXFileReference; lastKnownFileType = sourcecode.swift; path = AgentCard.swift; sourceTree = "<group>"; };
		7EDA6B0996874D06724BF18F /* FooterParts.swift */ = {isa = PBXFileReference; lastKnownFileType = sourcecode.swift; path = FooterParts.swift; sourceTree = "<group>"; };
		2C294CBEE8C4487CA95C0002 /* GitHubDeviceFlow.swift */ = {isa = PBXFileReference; lastKnownFileType = sourcecode.swift; path = GitHubDeviceFlow.swift; sourceTree = "<group>"; };
		4FEE3B6C1BACD094A37DE7F3 /* DecisionsView.swift */ = {isa = PBXFileReference; lastKnownFileType = sourcecode.swift; path = DecisionsView.swift; sourceTree = "<group>"; };
		CB49B53D60802E5519C3B85A /* DecideView.swift */ = {isa = PBXFileReference; lastKnownFileType = sourcecode.swift; path = DecideView.swift; sourceTree = "<group>"; };
		D1A7B0C2E3F4051627384951 /* DecideLab.swift */ = {isa = PBXFileReference; lastKnownFileType = sourcecode.swift; path = DecideLab.swift; sourceTree = "<group>"; };
		D1819DD7B53E496800C1840B /* ComponentsView.swift */ = {isa = PBXFileReference; lastKnownFileType = sourcecode.swift; path = ComponentsView.swift; sourceTree = "<group>"; };
		501F8478F0F8743977F822BD /* TicketOverviewTab.swift */ = {isa = PBXFileReference; lastKnownFileType = sourcecode.swift; path = TicketOverviewTab.swift; sourceTree = "<group>"; };
		50AA3B651A6F720EEC6333D3 /* IrisReviewView.swift */ = {isa = PBXFileReference; lastKnownFileType = sourcecode.swift; path = IrisReviewView.swift; sourceTree = "<group>"; };
		548F8F5CD99070F671D33F73 /* AnswerCards.swift */ = {isa = PBXFileReference; lastKnownFileType = sourcecode.swift; path = AnswerCards.swift; sourceTree = "<group>"; };
		1A056202E8E4F0CCCBABFBB2 /* QuickCapture.swift */ = {isa = PBXFileReference; lastKnownFileType = sourcecode.swift; path = QuickCapture.swift; sourceTree = "<group>"; };
		46632CCECA82359165663D89 /* FiledByIris.swift */ = {isa = PBXFileReference; lastKnownFileType = sourcecode.swift; path = FiledByIris.swift; sourceTree = "<group>"; };
		5CD8172654E3B05A33D62F8C /* DeskView.swift */ = {isa = PBXFileReference; lastKnownFileType = sourcecode.swift; path = DeskView.swift; sourceTree = "<group>"; };
		5E6CDB9CB2F56F175AE2B0EC /* PreviewsView.swift */ = {isa = PBXFileReference; lastKnownFileType = sourcecode.swift; path = PreviewsView.swift; sourceTree = "<group>"; };
		617F034C123D732B1CF03882 /* HatchApp.swift */ = {isa = PBXFileReference; lastKnownFileType = sourcecode.swift; path = HatchApp.swift; sourceTree = "<group>"; };
		64F0F50F0745471BE8744028 /* RootView.swift */ = {isa = PBXFileReference; lastKnownFileType = sourcecode.swift; path = RootView.swift; sourceTree = "<group>"; };
		66AE2852326652BBEF994532 /* ComposerView.swift */ = {isa = PBXFileReference; lastKnownFileType = sourcecode.swift; path = ComposerView.swift; sourceTree = "<group>"; };
		6B1B3B205E2521DD2A08C5B6 /* SidebarView.swift */ = {isa = PBXFileReference; lastKnownFileType = sourcecode.swift; path = SidebarView.swift; sourceTree = "<group>"; };
		6D9CAAC677BE273CA35AC7A4 /* AskPanel.swift */ = {isa = PBXFileReference; lastKnownFileType = sourcecode.swift; path = AskPanel.swift; sourceTree = "<group>"; };
		97F1DB34FA0A479C85A0A1BE /* AgentSettingsPage.swift */ = {isa = PBXFileReference; lastKnownFileType = sourcecode.swift; path = AgentSettingsPage.swift; sourceTree = "<group>"; };
		A1B2C3D4E5F60718293A4B5D /* IrisPanel.swift */ = {isa = PBXFileReference; lastKnownFileType = sourcecode.swift; path = IrisPanel.swift; sourceTree = "<group>"; };
		B1B2C3D4E5F60718293A4B5D /* PanelResizer.swift */ = {isa = PBXFileReference; lastKnownFileType = sourcecode.swift; path = PanelResizer.swift; sourceTree = "<group>"; };
		6F80E8C9A06830958C701242 /* TicketsView.swift */ = {isa = PBXFileReference; lastKnownFileType = sourcecode.swift; path = TicketsView.swift; sourceTree = "<group>"; };
		7668E92AE7A7176EA2988F23 /* DeskBriefPane.swift */ = {isa = PBXFileReference; lastKnownFileType = sourcecode.swift; path = DeskBriefPane.swift; sourceTree = "<group>"; };
		7C3C7BA2FCA130FA7D00A2CA /* Theme.swift */ = {isa = PBXFileReference; lastKnownFileType = sourcecode.swift; path = Theme.swift; sourceTree = "<group>"; };
		804DAD948D873CFCF792874A /* Hatch.app */ = {isa = PBXFileReference; explicitFileType = wrapper.application; includeInIndex = 0; path = Hatch.app; sourceTree = BUILT_PRODUCTS_DIR; };
		870C6888D33DD0120ECB7462 /* BoardView.swift */ = {isa = PBXFileReference; lastKnownFileType = sourcecode.swift; path = BoardView.swift; sourceTree = "<group>"; };
		9C578A59293D31A5F7BDA813 /* TicketDetailView.swift */ = {isa = PBXFileReference; lastKnownFileType = sourcecode.swift; path = TicketDetailView.swift; sourceTree = "<group>"; };
		A08FF820CF142B03A9888E3C /* AttachmentThumb.swift */ = {isa = PBXFileReference; lastKnownFileType = sourcecode.swift; path = AttachmentThumb.swift; sourceTree = "<group>"; };
		33467206E68F205A69FFB029 /* Screenshots.swift */ = {isa = PBXFileReference; lastKnownFileType = sourcecode.swift; path = Screenshots.swift; sourceTree = "<group>"; };
		AA4B12D3FF0406D70FFCBC45 /* TicketOptionsTab.swift */ = {isa = PBXFileReference; lastKnownFileType = sourcecode.swift; path = TicketOptionsTab.swift; sourceTree = "<group>"; };
		AC8D6FDD0676BA5D121563D7 /* EventText.swift */ = {isa = PBXFileReference; lastKnownFileType = sourcecode.swift; path = EventText.swift; sourceTree = "<group>"; };
		B08CBB6E28A0112DD7F8C511 /* Adapters.swift */ = {isa = PBXFileReference; lastKnownFileType = sourcecode.swift; path = Adapters.swift; sourceTree = "<group>"; };
		B110069306661FF4A2E42165 /* ProjectView.swift */ = {isa = PBXFileReference; lastKnownFileType = sourcecode.swift; path = ProjectView.swift; sourceTree = "<group>"; };
		4D60054C58D600A0D4F7948C /* HealthView.swift */ = {isa = PBXFileReference; lastKnownFileType = sourcecode.swift; path = HealthView.swift; sourceTree = "<group>"; };
		7A1E5C0B9D2F4E3A8B6C1D07 /* TestsView.swift */ = {isa = PBXFileReference; lastKnownFileType = sourcecode.swift; path = TestsView.swift; sourceTree = "<group>"; };
		234A96746E00206D4CA44AE8 /* ReportsView.swift */ = {isa = PBXFileReference; lastKnownFileType = sourcecode.swift; path = ReportsView.swift; sourceTree = "<group>"; };
		52EE6B8F7D46F8CA386D6410 /* ProjectSetup.swift */ = {isa = PBXFileReference; lastKnownFileType = sourcecode.swift; path = ProjectSetup.swift; sourceTree = "<group>"; };
		B6D728C148F7A1D0026394FA /* LogView.swift */ = {isa = PBXFileReference; lastKnownFileType = sourcecode.swift; path = LogView.swift; sourceTree = "<group>"; };
		C55062C4CDC76CEA05F19695 /* ProblemChip.swift */ = {isa = PBXFileReference; lastKnownFileType = sourcecode.swift; path = ProblemChip.swift; sourceTree = "<group>"; };
		C9D5911E86EACB3736BFBE8D /* SettingsView.swift */ = {isa = PBXFileReference; lastKnownFileType = sourcecode.swift; path = SettingsView.swift; sourceTree = "<group>"; };
		9BF56B54871E1C11A5F849C0 /* GeneralSettingsPage.swift */ = {isa = PBXFileReference; lastKnownFileType = sourcecode.swift; path = GeneralSettingsPage.swift; sourceTree = "<group>"; };
		12F922E6FEFEFC6CED4FF435 /* NotificationsSettingsPage.swift */ = {isa = PBXFileReference; lastKnownFileType = sourcecode.swift; path = NotificationsSettingsPage.swift; sourceTree = "<group>"; };
		03C7D889257FBF44ED32AA37 /* GitHubSettingsPage.swift */ = {isa = PBXFileReference; lastKnownFileType = sourcecode.swift; path = GitHubSettingsPage.swift; sourceTree = "<group>"; };
		194EE1D9740530BFA7819AAE /* ToolsSettingsPage.swift */ = {isa = PBXFileReference; lastKnownFileType = sourcecode.swift; path = ToolsSettingsPage.swift; sourceTree = "<group>"; };
		73E58D04C303B4E1194EF319 /* StorageSettingsPage.swift */ = {isa = PBXFileReference; lastKnownFileType = sourcecode.swift; path = StorageSettingsPage.swift; sourceTree = "<group>"; };
		E9CC663398348096823B0E05 /* UsageSettingsPage.swift */ = {isa = PBXFileReference; lastKnownFileType = sourcecode.swift; path = UsageSettingsPage.swift; sourceTree = "<group>"; };
		D1FF0F053E3BED03A5F2D8E2 /* Assets.xcassets */ = {isa = PBXFileReference; lastKnownFileType = folder.assetcatalog; path = Assets.xcassets; sourceTree = "<group>"; };
		D4FCD7FFB1E1EAE68A19CD02 /* Route.swift */ = {isa = PBXFileReference; lastKnownFileType = sourcecode.swift; path = Route.swift; sourceTree = "<group>"; };
		DB25DA45E606087C9EB4A2FF /* SpecsView.swift */ = {isa = PBXFileReference; lastKnownFileType = sourcecode.swift; path = SpecsView.swift; sourceTree = "<group>"; };
		DF82D71D692C33CB9A7DC077 /* Format.swift */ = {isa = PBXFileReference; lastKnownFileType = sourcecode.swift; path = Format.swift; sourceTree = "<group>"; };
		E5E368A9FDF982F83C543958 /* TurnChip.swift */ = {isa = PBXFileReference; lastKnownFileType = sourcecode.swift; path = TurnChip.swift; sourceTree = "<group>"; };
		E69B44A5B5D1CAEE74C70CFF /* VettingBridge.swift */ = {isa = PBXFileReference; lastKnownFileType = sourcecode.swift; path = VettingBridge.swift; sourceTree = "<group>"; };
		85E0BD2633E245D2B1E8B464 /* AgentProviders.swift */ = {isa = PBXFileReference; lastKnownFileType = sourcecode.swift; path = AgentProviders.swift; sourceTree = "<group>"; };
		F0CD09DBC6396867DD8D2F66 /* ProposalInfo.swift */ = {isa = PBXFileReference; lastKnownFileType = sourcecode.swift; path = ProposalInfo.swift; sourceTree = "<group>"; };
		F4B2D75F35E1444F13624804 /* DesignSystem.swift */ = {isa = PBXFileReference; lastKnownFileType = sourcecode.swift; path = DesignSystem.swift; sourceTree = "<group>"; };
		F78355C404242719FFEB0295 /* TicketHistoryTab.swift */ = {isa = PBXFileReference; lastKnownFileType = sourcecode.swift; path = TicketHistoryTab.swift; sourceTree = "<group>"; };
		FA1327B5DCB74BF38378614A /* TicketThreadTab.swift */ = {isa = PBXFileReference; lastKnownFileType = sourcecode.swift; path = TicketThreadTab.swift; sourceTree = "<group>"; };
		105A976E5B602C3536C9932A /* ShortcutStore.swift */ = {isa = PBXFileReference; lastKnownFileType = sourcecode.swift; path = ShortcutStore.swift; sourceTree = "<group>"; };
		27E189CBC1FF08DF90487535 /* KeyRecorder.swift */ = {isa = PBXFileReference; lastKnownFileType = sourcecode.swift; path = KeyRecorder.swift; sourceTree = "<group>"; };
		A8CC8E47730FE331E15142D6 /* WindowNavigation.swift */ = {isa = PBXFileReference; lastKnownFileType = sourcecode.swift; path = WindowNavigation.swift; sourceTree = "<group>"; };
		11CCAFEC9CF80E7B4EDF18D3 /* HatchWindows.swift */ = {isa = PBXFileReference; lastKnownFileType = sourcecode.swift; path = HatchWindows.swift; sourceTree = "<group>"; };
		9DFECE1691B761BD9216AEFE /* TicketWindowView.swift */ = {isa = PBXFileReference; lastKnownFileType = sourcecode.swift; path = TicketWindowView.swift; sourceTree = "<group>"; };
		F3A262251AD4554A76DEA1DD /* ShortcutsSettingsPage.swift */ = {isa = PBXFileReference; lastKnownFileType = sourcecode.swift; path = ShortcutsSettingsPage.swift; sourceTree = "<group>"; };
		1802C48F88E9EF3AD729D2CE /* SavedViewCommands.swift */ = {isa = PBXFileReference; lastKnownFileType = sourcecode.swift; path = SavedViewCommands.swift; sourceTree = "<group>"; };
		89026453DB8DADA5CBC8A4BE /* ShortcutCheatSheet.swift */ = {isa = PBXFileReference; lastKnownFileType = sourcecode.swift; path = ShortcutCheatSheet.swift; sourceTree = "<group>"; };
/* End PBXFileReference section */

/* Begin PBXFrameworksBuildPhase section */
		C5FE190495FB7C3D3DE5526F /* Frameworks */ = {
			isa = PBXFrameworksBuildPhase;
			buildActionMask = 2147483647;
			files = (
				9EB7D18DD1D9B9A4C2A4922B /* HatchCore in Frameworks */,
				8FC3CCAF743A468C8189774C /* HatchGit in Frameworks */,
				53D4579D6537437B4BEB40CC /* HatchSync in Frameworks */,
				A0F0827D24963348E078DE4E /* HatchAgent in Frameworks */,
				3A7F7AAD6C3FFCD4D90C8816 /* HatchAPI in Frameworks */,
				C0FFEE00C0FFEE00C0FFEE01 /* HatchComponentKit in Frameworks */,
				50A40563AC907E5A85C54B8A /* HatchImport in Frameworks */,
			);
			runOnlyForDeploymentPostprocessing = 0;
		};
/* End PBXFrameworksBuildPhase section */

/* Begin PBXGroup section */
		84B416AA0D31A8BC44103D3D /* Settings */ = {
			isa = PBXGroup;
			children = (
				F3A262251AD4554A76DEA1DD /* ShortcutsSettingsPage.swift */,
				9BF56B54871E1C11A5F849C0 /* GeneralSettingsPage.swift */,
				12F922E6FEFEFC6CED4FF435 /* NotificationsSettingsPage.swift */,
				03C7D889257FBF44ED32AA37 /* GitHubSettingsPage.swift */,
				194EE1D9740530BFA7819AAE /* ToolsSettingsPage.swift */,
				73E58D04C303B4E1194EF319 /* StorageSettingsPage.swift */,
				E9CC663398348096823B0E05 /* UsageSettingsPage.swift */,
			);
			path = Settings;
			sourceTree = "<group>";
		};
		18AAD548C3E373F153847FA5 /* Packages */ = {
			isa = PBXGroup;
			children = (
				09B2D59CC25AE9BE9F39E59E /* hatch */,
			);
			name = Packages;
			sourceTree = "<group>";
		};
		1BE424FFFEB8B4CE64CBDAE7 /* Resources */ = {
			isa = PBXGroup;
			children = (
				D1FF0F053E3BED03A5F2D8E2 /* Assets.xcassets */,
			);
			path = Resources;
			sourceTree = "<group>";
		};
		398213925406C8253655929B /* Products */ = {
			isa = PBXGroup;
			children = (
				804DAD948D873CFCF792874A /* Hatch.app */,
			);
			name = Products;
			sourceTree = "<group>";
		};
		862882B8D93C9CF56C329DB8 /* Components */ = {
			isa = PBXGroup;
			children = (
				548F8F5CD99070F671D33F73 /* AnswerCards.swift */,
				1A056202E8E4F0CCCBABFBB2 /* QuickCapture.swift */,
				46632CCECA82359165663D89 /* FiledByIris.swift */,
				A08FF820CF142B03A9888E3C /* AttachmentThumb.swift */,
				33467206E68F205A69FFB029 /* Screenshots.swift */,
				F4B2D75F35E1444F13624804 /* DesignSystem.swift */,
				AC8D6FDD0676BA5D121563D7 /* EventText.swift */,
				DF82D71D692C33CB9A7DC077 /* Format.swift */,
				4E374A9B62BB42A52EAAC221 /* GitHubAccount.swift */,
				BA53B185D376C44F5D5D861E /* AgentCard.swift */,
				7EDA6B0996874D06724BF18F /* FooterParts.swift */,
				7D421010C42D47958B571432 /* MenuBarPanel.swift */,
				2C294CBEE8C4487CA95C0002 /* GitHubDeviceFlow.swift */,
				C55062C4CDC76CEA05F19695 /* ProblemChip.swift */,
				F0CD09DBC6396867DD8D2F66 /* ProposalInfo.swift */,
				E5E368A9FDF982F83C543958 /* TurnChip.swift */,
				E69B44A5B5D1CAEE74C70CFF /* VettingBridge.swift */,
				85E0BD2633E245D2B1E8B464 /* AgentProviders.swift */,
			);
			path = Components;
			sourceTree = "<group>";
		};
		8646CA218DAC11AE7DB5CA43 = {
			isa = PBXGroup;
			children = (
				9D3173C9C7037EF595655CA1 /* App */,
				18AAD548C3E373F153847FA5 /* Packages */,
				398213925406C8253655929B /* Products */,
			);
			sourceTree = "<group>";
		};
		97AD98D72F8959CEBB480779 /* HatchApp */ = {
			isa = PBXGroup;
			children = (
				BE7587D8F9AC81F6E32675A9 /* Windows */,
				6AC92F9C8D0358C8FDD4FA6F /* Shortcuts */,
				211BC59B762AD8A3B0EB98B0 /* AppState.swift */,
				0B0CFDAD1AD73457B63235D3 /* AppState+Notifications.swift */,
				71617872CD744FB39971D7F9 /* AppState+Preferences.swift */,
				617F034C123D732B1CF03882 /* HatchApp.swift */,
				64F0F50F0745471BE8744028 /* RootView.swift */,
				D4FCD7FFB1E1EAE68A19CD02 /* Route.swift */,
				0AFC7402DEC44D748849719B /* Snapshots.swift */,
				7C3C7BA2FCA130FA7D00A2CA /* Theme.swift */,
				862882B8D93C9CF56C329DB8 /* Components */,
				CBA38A810E7270CFE5AE6D11 /* Screens */,
			);
			path = HatchApp;
			sourceTree = "<group>";
		};
		9D3173C9C7037EF595655CA1 /* App */ = {
			isa = PBXGroup;
			children = (
				1BE424FFFEB8B4CE64CBDAE7 /* Resources */,
				BDA4591BD203FA57D0B25253 /* Sources */,
			);
			path = App;
			sourceTree = "<group>";
		};
		A8AD0B9B94859C4732FE0A01 /* Ticket */ = {
			isa = PBXGroup;
			children = (
				F78355C404242719FFEB0295 /* TicketHistoryTab.swift */,
				AA4B12D3FF0406D70FFCBC45 /* TicketOptionsTab.swift */,
				501F8478F0F8743977F822BD /* TicketOverviewTab.swift */,
				FA1327B5DCB74BF38378614A /* TicketThreadTab.swift */,
				37B7C1C750FB103DE7FED2B6 /* TicketWorkTab.swift */,
			);
			path = Ticket;
			sourceTree = "<group>";
		};
		BDA4591BD203FA57D0B25253 /* Sources */ = {
			isa = PBXGroup;
			children = (
				97AD98D72F8959CEBB480779 /* HatchApp */,
			);
			path = Sources;
			sourceTree = "<group>";
		};
		CBA38A810E7270CFE5AE6D11 /* Screens */ = {
			isa = PBXGroup;
			children = (
				89026453DB8DADA5CBC8A4BE /* ShortcutCheatSheet.swift */,
				9DFECE1691B761BD9216AEFE /* TicketWindowView.swift */,
				B08CBB6E28A0112DD7F8C511 /* Adapters.swift */,
				198272DA0A12BD567C54E381 /* AgentsView.swift */,
				6D9CAAC677BE273CA35AC7A4 /* AskPanel.swift */,
				97F1DB34FA0A479C85A0A1BE /* AgentSettingsPage.swift */,
				A1B2C3D4E5F60718293A4B5D /* IrisPanel.swift */,
				B1B2C3D4E5F60718293A4B5D /* PanelResizer.swift */,
				870C6888D33DD0120ECB7462 /* BoardView.swift */,
				46443AE485036DD464BF0D3E /* CommandPalette.swift */,
				66AE2852326652BBEF994532 /* ComposerView.swift */,
				4FEE3B6C1BACD094A37DE7F3 /* DecisionsView.swift */,
				D1A7B0C2E3F4051627384951 /* DecideLab.swift */,
				CB49B53D60802E5519C3B85A /* DecideView.swift */,
				D1819DD7B53E496800C1840B /* ComponentsView.swift */,
				7668E92AE7A7176EA2988F23 /* DeskBriefPane.swift */,
				5CD8172654E3B05A33D62F8C /* DeskView.swift */,
				50AA3B651A6F720EEC6333D3 /* IrisReviewView.swift */,
				B6D728C148F7A1D0026394FA /* LogView.swift */,
				5E6CDB9CB2F56F175AE2B0EC /* PreviewsView.swift */,
				B110069306661FF4A2E42165 /* ProjectView.swift */,
				4D60054C58D600A0D4F7948C /* HealthView.swift */,
				7A1E5C0B9D2F4E3A8B6C1D07 /* TestsView.swift */,
				234A96746E00206D4CA44AE8 /* ReportsView.swift */,
				52EE6B8F7D46F8CA386D6410 /* ProjectSetup.swift */,
				C9D5911E86EACB3736BFBE8D /* SettingsView.swift */,
				84B416AA0D31A8BC44103D3D /* Settings */,
				6B1B3B205E2521DD2A08C5B6 /* SidebarView.swift */,
				0FCFDFE8E9481E42646D752A /* SketchBoard.swift */,
				DB25DA45E606087C9EB4A2FF /* SpecsView.swift */,
				168F59BA94540A6EA616F0CB /* StageLauncher.swift */,
				472BDC36A8D14D096FCC9517 /* Stubs.swift */,
				9C578A59293D31A5F7BDA813 /* TicketDetailView.swift */,
				6F80E8C9A06830958C701242 /* TicketsView.swift */,
				A8AD0B9B94859C4732FE0A01 /* Ticket */,
			);
			path = Screens;
			sourceTree = "<group>";
		};
		6AC92F9C8D0358C8FDD4FA6F /* Shortcuts */ = {
			isa = PBXGroup;
			children = (
				1802C48F88E9EF3AD729D2CE /* SavedViewCommands.swift */,
				A8CC8E47730FE331E15142D6 /* WindowNavigation.swift */,
				27E189CBC1FF08DF90487535 /* KeyRecorder.swift */,
				105A976E5B602C3536C9932A /* ShortcutStore.swift */,
			);
			path = Shortcuts;
			sourceTree = "<group>";
		};
		BE7587D8F9AC81F6E32675A9 /* Windows */ = {
			isa = PBXGroup;
			children = (
				11CCAFEC9CF80E7B4EDF18D3 /* HatchWindows.swift */,
			);
			path = Windows;
			sourceTree = "<group>";
		};
/* End PBXGroup section */

/* Begin PBXNativeTarget section */
		4781617510CE66B054A19786 /* Hatch */ = {
			isa = PBXNativeTarget;
			buildConfigurationList = 21478F8F3E00C89A278C2B08 /* Build configuration list for PBXNativeTarget "Hatch" */;
			buildPhases = (
				B4EF24811435F56E934DA437 /* Sources */,
				DACE2ECB39737447C680FC80 /* Resources */,
				C5FE190495FB7C3D3DE5526F /* Frameworks */,
				21D9D3252F2BB8C76DA5615C /* Build the hatch command */,
				5A7E0C1D3B2F4A6E8D9C1B0A /* Build the Stage app */,
			);
			buildRules = (
			);
			dependencies = (
			);
			name = Hatch;
			packageProductDependencies = (
				FA99177DA4400AB2A09D4B92 /* HatchCore */,
				8FF33B9BC62D51D62F87A33A /* HatchGit */,
				C92A8B1F523538756CBE6D69 /* HatchSync */,
				11AEA8595446D5328A51DCD6 /* HatchAgent */,
				FD91901583E35055B8089D5A /* HatchAPI */,
				C0FFEE00C0FFEE00C0FFEE02 /* HatchComponentKit */,
				A8AC6D4F29E4A35CEFA8405E /* HatchImport */,
			);
			productName = Hatch;
			productReference = 804DAD948D873CFCF792874A /* Hatch.app */;
			productType = "com.apple.product-type.application";
		};
/* End PBXNativeTarget section */

/* Begin PBXProject section */
		DCABEC389B612BE4CAC281FB /* Project object */ = {
			isa = PBXProject;
			attributes = {
				BuildIndependentTargetsInParallel = YES;
				LastUpgradeCheck = 1430;
				TargetAttributes = {
					4781617510CE66B054A19786 = {
						ProvisioningStyle = Automatic;
					};
				};
			};
			buildConfigurationList = 30E48D043C2233B8D296D44C /* Build configuration list for PBXProject "Hatch" */;
			developmentRegion = en;
			hasScannedForEncodings = 0;
			knownRegions = (
				Base,
				en,
			);
			mainGroup = 8646CA218DAC11AE7DB5CA43;
			minimizedProjectReferenceProxies = 1;
			packageReferences = (
				C90CA8EB668BFA5FB0A1574C /* XCLocalSwiftPackageReference "." */,
			);
			preferredProjectObjectVersion = 77;
			productRefGroup = 398213925406C8253655929B /* Products */;
			projectDirPath = "";
			projectRoot = "";
			targets = (
				4781617510CE66B054A19786 /* Hatch */,
			);
		};
/* End PBXProject section */

/* Begin PBXResourcesBuildPhase section */
		DACE2ECB39737447C680FC80 /* Resources */ = {
			isa = PBXResourcesBuildPhase;
			buildActionMask = 2147483647;
			files = (
				0FC69B6E04DB1D0A341FF2E4 /* Assets.xcassets in Resources */,
			);
			runOnlyForDeploymentPostprocessing = 0;
		};
/* End PBXResourcesBuildPhase section */

/* Begin PBXShellScriptBuildPhase section */
		21D9D3252F2BB8C76DA5615C /* Build the hatch command */ = {
			isa = PBXShellScriptBuildPhase;
			alwaysOutOfDate = 1;
			buildActionMask = 2147483647;
			files = (
			);
			inputFileListPaths = (
			);
			inputPaths = (
			);
			name = "Build the hatch command";
			outputFileListPaths = (
			);
			outputPaths = (
				"$(TARGET_BUILD_DIR)/$(CONTENTS_FOLDER_PATH)/Helpers/hatch",
			);
			runOnlyForDeploymentPostprocessing = 0;
			shellPath = /bin/sh;
			shellScript = "# Builds the hatch command line tool and puts it in Hatch.app, signed like the app, so agents and the\n# Install in PATH button always use the hatch that matches this app.\nset -e\nCONFIG=$( [ \"$CONFIGURATION\" = \"Release\" ] && echo release || echo debug )\ncd \"$SRCROOT\"\nenv -u SDKROOT -u TOOLCHAINS xcrun --sdk macosx swift build -c \"$CONFIG\" --product hatch\nDEST=\"$TARGET_BUILD_DIR/$CONTENTS_FOLDER_PATH/Helpers\"\nmkdir -p \"$DEST\" \"$DERIVED_FILE_DIR\"\n# Only a changed tool is copied and signed again, so an unchanged app keeps a valid signature.\nif ! cmp -s \".build/$CONFIG/hatch\" \"$DERIVED_FILE_DIR/hatch.last\" 2>/dev/null; then\n  cp -f \".build/$CONFIG/hatch\" \"$DERIVED_FILE_DIR/hatch.last\"\n  cp -f \".build/$CONFIG/hatch\" \"$DEST/hatch\"\n  if [ -n \"$EXPANDED_CODE_SIGN_IDENTITY\" ]; then\n    codesign --force --options runtime --timestamp=none --sign \"$EXPANDED_CODE_SIGN_IDENTITY\" \"$DEST/hatch\"\n  fi\nfi\n";
			showEnvVarsInLog = 0;
		};
		5A7E0C1D3B2F4A6E8D9C1B0A /* Build the Stage app */ = {
			isa = PBXShellScriptBuildPhase;
			alwaysOutOfDate = 1;
			buildActionMask = 2147483647;
			files = (
			);
			inputFileListPaths = (
			);
			inputPaths = (
			);
			name = "Build the Stage app";
			outputFileListPaths = (
			);
			outputPaths = (
				"$(TARGET_BUILD_DIR)/$(CONTENTS_FOLDER_PATH)/Helpers/Stage.app",
			);
			runOnlyForDeploymentPostprocessing = 0;
			shellPath = /bin/sh;
			shellScript = "# Builds Stage.app (the Stage with the toast round, its own name and icon in the Dock) and puts it in Hatch.app, so one\n# download holds both. Only a changed Stage is copied and signed again.\nset -e\nCONFIG=$( [ \"$CONFIGURATION\" = \"Release\" ] && echo release || echo debug )\nBUILT=\"$DERIVED_FILE_DIR/stage-app\"\nSIGN=\"\"\n[ -n \"$EXPANDED_CODE_SIGN_IDENTITY\" ] && SIGN=\"--sign $EXPANDED_CODE_SIGN_IDENTITY\"\n\"$SRCROOT/tools/build-stage.sh\" --dest \"$BUILT\" --config \"$CONFIG\" $SIGN\nDEST=\"$TARGET_BUILD_DIR/$CONTENTS_FOLDER_PATH/Helpers\"\nmkdir -p \"$DEST\"\nif ! cmp -s \"$BUILT/.stage.last\" \"$DERIVED_FILE_DIR/stage.copied\" 2>/dev/null || [ ! -d \"$DEST/Stage.app\" ]; then\n  rm -rf \"$DEST/Stage.app\"\n  cp -R \"$BUILT/Stage.app\" \"$DEST/Stage.app\"\n  cp -f \"$BUILT/.stage.last\" \"$DERIVED_FILE_DIR/stage.copied\"\nfi\n";
			showEnvVarsInLog = 0;
		};
/* End PBXShellScriptBuildPhase section */

/* Begin PBXSourcesBuildPhase section */
		B4EF24811435F56E934DA437 /* Sources */ = {
			isa = PBXSourcesBuildPhase;
			buildActionMask = 2147483647;
			files = (
				093939DF8FDCC3344878D598 /* ShortcutCheatSheet.swift in Sources */,
				8A5B40651E53A0D81FF33F37 /* SavedViewCommands.swift in Sources */,
				4F887E0E6B9B7F1C51B1CD43 /* ShortcutsSettingsPage.swift in Sources */,
				5EDA23FAFD9A114B8AAB385E /* TicketWindowView.swift in Sources */,
				81B5EDC5D3BBD54B0E2C6C07 /* HatchWindows.swift in Sources */,
				CE59ACD98B9CE5CCC457E5ED /* WindowNavigation.swift in Sources */,
				D2324FF39CBEB98E8BD46EC4 /* KeyRecorder.swift in Sources */,
				147E3FF10CC68562F146B894 /* ShortcutStore.swift in Sources */,
				DD98B4574A12C14073E2357C /* Adapters.swift in Sources */,
				437B449283ADBC928D57C174 /* AgentsView.swift in Sources */,
				E82E2F2DD0373D41928DBA39 /* AnswerCards.swift in Sources */,
				1B7B800577CA3495DEAF8891 /* QuickCapture.swift in Sources */,
				17DB170330246F9DA273703E /* FiledByIris.swift in Sources */,
				421D632B0243EED9E2C59F19 /* AppState+Notifications.swift in Sources */,
				AEF9082ECDFF44FDB3E85268 /* AppState+Preferences.swift in Sources */,
				D4919CDA766042B5B3A21F27 /* MenuBarPanel.swift in Sources */,
				B521BFEB27A4CBFFFFD4E248 /* AppState.swift in Sources */,
				3CF2407446C3D2E48FBB5059 /* AskPanel.swift in Sources */,
				89B529C5AF394926839F67B6 /* AgentSettingsPage.swift in Sources */,
				A1B2C3D4E5F60718293A4B5C /* IrisPanel.swift in Sources */,
				B1B2C3D4E5F60718293A4B5C /* PanelResizer.swift in Sources */,
				845B8067A5DF3BDA8F049849 /* AttachmentThumb.swift in Sources */,
				1705AA1B630A314A187D2B63 /* Screenshots.swift in Sources */,
				FB3275F17A1D0DDE28ABE554 /* BoardView.swift in Sources */,
				4758C9539D1D11962F52C426 /* CommandPalette.swift in Sources */,
				9C234007EC5BBBE8C6AD6B4F /* ComposerView.swift in Sources */,
				882ED89A6591D4D3164F1A24 /* DecisionsView.swift in Sources */,
				2555C85F3FE5E0A74E2BF9A1 /* DecideView.swift in Sources */,
				D1A7B0C2E3F4051627384950 /* DecideLab.swift in Sources */,
				1B33E3A296D309563040C343 /* ComponentsView.swift in Sources */,
				20501283E561101BF2529D53 /* DesignSystem.swift in Sources */,
				04C3DDE92D35161138052438 /* DeskBriefPane.swift in Sources */,
				8BCD76F3B3CD8125CB4A5083 /* DeskView.swift in Sources */,
				B167D0AA9EF600C83E4B6870 /* EventText.swift in Sources */,
				6982C5D2A39CF9B7C315D9E7 /* Format.swift in Sources */,
				6382CD856210B2FBD375405E /* GitHubAccount.swift in Sources */,
				71F5869499C32324C434C580 /* AgentCard.swift in Sources */,
				EDD5252C48C4CFA7D64699F9 /* FooterParts.swift in Sources */,
				2C294CBEE8C4487CA95C0001 /* GitHubDeviceFlow.swift in Sources */,
				4358486F0788BD721883D3E8 /* HatchApp.swift in Sources */,
				7A496CF5D64909DB27AAB72F /* IrisReviewView.swift in Sources */,
				E9666C026E05CA6094D17B29 /* LogView.swift in Sources */,
				20FBECA9EA25C683EC4F616C /* PreviewsView.swift in Sources */,
				33B2E39998A1C0165DEDA212 /* ProblemChip.swift in Sources */,
				60932597CB89763A211708DD /* ProjectView.swift in Sources */,
				19F61CE806C5B4F33F330E19 /* HealthView.swift in Sources */,
				7A1E5C0B9D2F4E3A8B6C1D08 /* TestsView.swift in Sources */,
				A3A8CA0DB3EA785DAC586F74 /* ReportsView.swift in Sources */,
				0777649DBDC4D7BE1E4B60F0 /* ProjectSetup.swift in Sources */,
				4A44215470CE3D13640307C4 /* ProposalInfo.swift in Sources */,
				ECF777578FF6A8D373CCEB2D /* RootView.swift in Sources */,
				064FA3EAABEA2827C256E375 /* Route.swift in Sources */,
				A752075E4E5D2B8EEF8AA168 /* SettingsView.swift in Sources */,
				8EC92AD49F4501BB0DAAE80C /* GeneralSettingsPage.swift in Sources */,
				5DB66A2B5C72340ACD8C9EEE /* NotificationsSettingsPage.swift in Sources */,
				AC1137AAD9D73246BCFDCB63 /* GitHubSettingsPage.swift in Sources */,
				4668CE3B11CCEC45AAA1D3E5 /* ToolsSettingsPage.swift in Sources */,
				7040AB06B3D695C24C9BF9E6 /* StorageSettingsPage.swift in Sources */,
				CB5AD45439F1DE1F6B644D80 /* UsageSettingsPage.swift in Sources */,
				440FC976DE5A3FCD3AF83740 /* SidebarView.swift in Sources */,
				06824141B48858A01F5C6B47 /* SketchBoard.swift in Sources */,
				7A50BDABD12739C54CB65EB3 /* Snapshots.swift in Sources */,
				84A2978BE629BB03F04857DA /* SpecsView.swift in Sources */,
				E4AF184F4344EC6D98ECF139 /* StageLauncher.swift in Sources */,
				BD551D06305A3F39A42E5A04 /* Stubs.swift in Sources */,
				CFA8A172C85C98584D264F9A /* Theme.swift in Sources */,
				52212D2A4B8F7B710886706C /* TicketDetailView.swift in Sources */,
				E75B511680E103D750306D48 /* TicketHistoryTab.swift in Sources */,
				2B96722CF3E2A8E409EEE225 /* TicketOptionsTab.swift in Sources */,
				F5F821314834FAC30E7C33A3 /* TicketOverviewTab.swift in Sources */,
				FF36134FE7C8BE5D86DABFD1 /* TicketThreadTab.swift in Sources */,
				9EC772730E7C249528F788AC /* TicketWorkTab.swift in Sources */,
				0FC9BBCD5D8009DFC77595DF /* TicketsView.swift in Sources */,
				D7106020004E2DF449822F08 /* TurnChip.swift in Sources */,
				424B48E9EB6C77DFD5CFCC00 /* VettingBridge.swift in Sources */,
				EB3B807235F2498FA3F4B4A1 /* AgentProviders.swift in Sources */,
			);
			runOnlyForDeploymentPostprocessing = 0;
		};
/* End PBXSourcesBuildPhase section */

/* Begin XCBuildConfiguration section */
		4063DBFE2B13869E76F1968C /* Debug */ = {
			isa = XCBuildConfiguration;
			buildSettings = {
				ASSETCATALOG_COMPILER_APPICON_NAME = AppIcon;
				ASSETCATALOG_COMPILER_GLOBAL_ACCENT_COLOR_NAME = AccentColor;
				CODE_SIGN_STYLE = Automatic;
				DEVELOPMENT_TEAM = JQU2HR44D8;
				COMBINE_HIDPI_IMAGES = YES;
				CURRENT_PROJECT_VERSION = 1;
				ENABLE_APP_SANDBOX = NO;
				ENABLE_USER_SCRIPT_SANDBOXING = NO;
				ENABLE_HARDENED_RUNTIME = YES;
				GENERATE_INFOPLIST_FILE = NO;
				INFOPLIST_FILE = App/Info.plist;
				LD_RUNPATH_SEARCH_PATHS = (
					"$(inherited)",
					"@executable_path/../Frameworks",
				);
				MARKETING_VERSION = 0.1.0;
				PRODUCT_BUNDLE_IDENTIFIER = app.hatch.Hatch;
				PRODUCT_NAME = Hatch;
				SDKROOT = macosx;
				SWIFT_VERSION = 5.0;
			};
			name = Debug;
		};
		6977196BF024FC01704128E7 /* Release */ = {
			isa = XCBuildConfiguration;
			buildSettings = {
				ALWAYS_SEARCH_USER_PATHS = NO;
				CLANG_ANALYZER_NONNULL = YES;
				CLANG_ANALYZER_NUMBER_OBJECT_CONVERSION = YES_AGGRESSIVE;
				CLANG_CXX_LANGUAGE_STANDARD = "gnu++14";
				CLANG_CXX_LIBRARY = "libc++";
				CLANG_ENABLE_MODULES = YES;
				CLANG_ENABLE_OBJC_ARC = YES;
				CLANG_ENABLE_OBJC_WEAK = YES;
				CLANG_WARN_BLOCK_CAPTURE_AUTORELEASING = YES;
				CLANG_WARN_BOOL_CONVERSION = YES;
				CLANG_WARN_COMMA = YES;
				CLANG_WARN_CONSTANT_CONVERSION = YES;
				CLANG_WARN_DEPRECATED_OBJC_IMPLEMENTATIONS = YES;
				CLANG_WARN_DIRECT_OBJC_ISA_USAGE = YES_ERROR;
				CLANG_WARN_DOCUMENTATION_COMMENTS = YES;
				CLANG_WARN_EMPTY_BODY = YES;
				CLANG_WARN_ENUM_CONVERSION = YES;
				CLANG_WARN_INFINITE_RECURSION = YES;
				CLANG_WARN_INT_CONVERSION = YES;
				CLANG_WARN_NON_LITERAL_NULL_CONVERSION = YES;
				CLANG_WARN_OBJC_IMPLICIT_RETAIN_SELF = YES;
				CLANG_WARN_OBJC_LITERAL_CONVERSION = YES;
				CLANG_WARN_OBJC_ROOT_CLASS = YES_ERROR;
				CLANG_WARN_QUOTED_INCLUDE_IN_FRAMEWORK_HEADER = YES;
				CLANG_WARN_RANGE_LOOP_ANALYSIS = YES;
				CLANG_WARN_STRICT_PROTOTYPES = YES;
				CLANG_WARN_SUSPICIOUS_MOVE = YES;
				CLANG_WARN_UNGUARDED_AVAILABILITY = YES_AGGRESSIVE;
				CLANG_WARN_UNREACHABLE_CODE = YES;
				CLANG_WARN__DUPLICATE_METHOD_MATCH = YES;
				COPY_PHASE_STRIP = NO;
				DEBUG_INFORMATION_FORMAT = "dwarf-with-dsym";
				ENABLE_NS_ASSERTIONS = NO;
				ENABLE_STRICT_OBJC_MSGSEND = YES;
				GCC_C_LANGUAGE_STANDARD = gnu11;
				GCC_NO_COMMON_BLOCKS = YES;
				GCC_WARN_64_TO_32_BIT_CONVERSION = YES;
				GCC_WARN_ABOUT_RETURN_TYPE = YES_ERROR;
				GCC_WARN_UNDECLARED_SELECTOR = YES;
				GCC_WARN_UNINITIALIZED_AUTOS = YES_AGGRESSIVE;
				GCC_WARN_UNUSED_FUNCTION = YES;
				GCC_WARN_UNUSED_VARIABLE = YES;
				MACOSX_DEPLOYMENT_TARGET = 26.0;
				MTL_ENABLE_DEBUG_INFO = NO;
				MTL_FAST_MATH = YES;
				PRODUCT_NAME = "$(TARGET_NAME)";
				SDKROOT = macosx;
				SWIFT_COMPILATION_MODE = wholemodule;
				SWIFT_OPTIMIZATION_LEVEL = "-O";
				SWIFT_VERSION = 5.0;
			};
			name = Release;
		};
		8FFA399CACB1D5ED6AF49172 /* Debug */ = {
			isa = XCBuildConfiguration;
			buildSettings = {
				ALWAYS_SEARCH_USER_PATHS = NO;
				CLANG_ANALYZER_NONNULL = YES;
				CLANG_ANALYZER_NUMBER_OBJECT_CONVERSION = YES_AGGRESSIVE;
				CLANG_CXX_LANGUAGE_STANDARD = "gnu++14";
				CLANG_CXX_LIBRARY = "libc++";
				CLANG_ENABLE_MODULES = YES;
				CLANG_ENABLE_OBJC_ARC = YES;
				CLANG_ENABLE_OBJC_WEAK = YES;
				CLANG_WARN_BLOCK_CAPTURE_AUTORELEASING = YES;
				CLANG_WARN_BOOL_CONVERSION = YES;
				CLANG_WARN_COMMA = YES;
				CLANG_WARN_CONSTANT_CONVERSION = YES;
				CLANG_WARN_DEPRECATED_OBJC_IMPLEMENTATIONS = YES;
				CLANG_WARN_DIRECT_OBJC_ISA_USAGE = YES_ERROR;
				CLANG_WARN_DOCUMENTATION_COMMENTS = YES;
				CLANG_WARN_EMPTY_BODY = YES;
				CLANG_WARN_ENUM_CONVERSION = YES;
				CLANG_WARN_INFINITE_RECURSION = YES;
				CLANG_WARN_INT_CONVERSION = YES;
				CLANG_WARN_NON_LITERAL_NULL_CONVERSION = YES;
				CLANG_WARN_OBJC_IMPLICIT_RETAIN_SELF = YES;
				CLANG_WARN_OBJC_LITERAL_CONVERSION = YES;
				CLANG_WARN_OBJC_ROOT_CLASS = YES_ERROR;
				CLANG_WARN_QUOTED_INCLUDE_IN_FRAMEWORK_HEADER = YES;
				CLANG_WARN_RANGE_LOOP_ANALYSIS = YES;
				CLANG_WARN_STRICT_PROTOTYPES = YES;
				CLANG_WARN_SUSPICIOUS_MOVE = YES;
				CLANG_WARN_UNGUARDED_AVAILABILITY = YES_AGGRESSIVE;
				CLANG_WARN_UNREACHABLE_CODE = YES;
				CLANG_WARN__DUPLICATE_METHOD_MATCH = YES;
				COPY_PHASE_STRIP = NO;
				DEBUG_INFORMATION_FORMAT = dwarf;
				ENABLE_STRICT_OBJC_MSGSEND = YES;
				ENABLE_TESTABILITY = YES;
				GCC_C_LANGUAGE_STANDARD = gnu11;
				GCC_DYNAMIC_NO_PIC = NO;
				GCC_NO_COMMON_BLOCKS = YES;
				GCC_OPTIMIZATION_LEVEL = 0;
				GCC_PREPROCESSOR_DEFINITIONS = (
					"$(inherited)",
					"DEBUG=1",
				);
				GCC_WARN_64_TO_32_BIT_CONVERSION = YES;
				GCC_WARN_ABOUT_RETURN_TYPE = YES_ERROR;
				GCC_WARN_UNDECLARED_SELECTOR = YES;
				GCC_WARN_UNINITIALIZED_AUTOS = YES_AGGRESSIVE;
				GCC_WARN_UNUSED_FUNCTION = YES;
				GCC_WARN_UNUSED_VARIABLE = YES;
				MACOSX_DEPLOYMENT_TARGET = 26.0;
				MTL_ENABLE_DEBUG_INFO = INCLUDE_SOURCE;
				MTL_FAST_MATH = YES;
				ONLY_ACTIVE_ARCH = YES;
				PRODUCT_NAME = "$(TARGET_NAME)";
				SDKROOT = macosx;
				SWIFT_ACTIVE_COMPILATION_CONDITIONS = DEBUG;
				SWIFT_OPTIMIZATION_LEVEL = "-Onone";
				SWIFT_VERSION = 5.0;
			};
			name = Debug;
		};
		D7531ADCC279DC7D2458779A /* Release */ = {
			isa = XCBuildConfiguration;
			buildSettings = {
				ASSETCATALOG_COMPILER_APPICON_NAME = AppIcon;
				ASSETCATALOG_COMPILER_GLOBAL_ACCENT_COLOR_NAME = AccentColor;
				CODE_SIGN_STYLE = Automatic;
				DEVELOPMENT_TEAM = JQU2HR44D8;
				COMBINE_HIDPI_IMAGES = YES;
				CURRENT_PROJECT_VERSION = 1;
				ENABLE_APP_SANDBOX = NO;
				ENABLE_USER_SCRIPT_SANDBOXING = NO;
				ENABLE_HARDENED_RUNTIME = YES;
				GENERATE_INFOPLIST_FILE = NO;
				INFOPLIST_FILE = App/Info.plist;
				LD_RUNPATH_SEARCH_PATHS = (
					"$(inherited)",
					"@executable_path/../Frameworks",
				);
				MARKETING_VERSION = 0.1.0;
				PRODUCT_BUNDLE_IDENTIFIER = app.hatch.Hatch;
				PRODUCT_NAME = Hatch;
				SDKROOT = macosx;
				SWIFT_VERSION = 5.0;
			};
			name = Release;
		};
/* End XCBuildConfiguration section */

/* Begin XCConfigurationList section */
		21478F8F3E00C89A278C2B08 /* Build configuration list for PBXNativeTarget "Hatch" */ = {
			isa = XCConfigurationList;
			buildConfigurations = (
				4063DBFE2B13869E76F1968C /* Debug */,
				D7531ADCC279DC7D2458779A /* Release */,
			);
			defaultConfigurationIsVisible = 0;
			defaultConfigurationName = Debug;
		};
		30E48D043C2233B8D296D44C /* Build configuration list for PBXProject "Hatch" */ = {
			isa = XCConfigurationList;
			buildConfigurations = (
				8FFA399CACB1D5ED6AF49172 /* Debug */,
				6977196BF024FC01704128E7 /* Release */,
			);
			defaultConfigurationIsVisible = 0;
			defaultConfigurationName = Debug;
		};
/* End XCConfigurationList section */

/* Begin XCLocalSwiftPackageReference section */
		C90CA8EB668BFA5FB0A1574C /* XCLocalSwiftPackageReference "." */ = {
			isa = XCLocalSwiftPackageReference;
			relativePath = .;
		};
/* End XCLocalSwiftPackageReference section */

/* Begin XCSwiftPackageProductDependency section */
		11AEA8595446D5328A51DCD6 /* HatchAgent */ = {
			isa = XCSwiftPackageProductDependency;
			productName = HatchAgent;
		};
		8FF33B9BC62D51D62F87A33A /* HatchGit */ = {
			isa = XCSwiftPackageProductDependency;
			productName = HatchGit;
		};
		A8AC6D4F29E4A35CEFA8405E /* HatchImport */ = {
			isa = XCSwiftPackageProductDependency;
			productName = HatchImport;
		};
		C92A8B1F523538756CBE6D69 /* HatchSync */ = {
			isa = XCSwiftPackageProductDependency;
			productName = HatchSync;
		};
		FA99177DA4400AB2A09D4B92 /* HatchCore */ = {
			isa = XCSwiftPackageProductDependency;
			productName = HatchCore;
		};
		FD91901583E35055B8089D5A /* HatchAPI */ = {
			isa = XCSwiftPackageProductDependency;
			productName = HatchAPI;
		};
		C0FFEE00C0FFEE00C0FFEE02 /* HatchComponentKit */ = {
			isa = XCSwiftPackageProductDependency;
			productName = HatchComponentKit;
		};
/* End XCSwiftPackageProductDependency section */
	};
	rootObject = DCABEC389B612BE4CAC281FB /* Project object */;
}
